{
  "requires": true,
  "lockfileVersion": 1,
  "dependencies": {
    "vuex-module-decorators": {
      "version": "1.0.1",
      "resolved": "https://registry.npmjs.org/vuex-module-decorators/-/vuex-module-decorators-1.0.1.tgz",
      "integrity": "sha512-FLWZsXV5XAtl/bcKUyQFpnSBtpc3wK/7zSdy9oKbyp71mZd4ut5y2zSd219wWW9OG7WUOlVwac4rXFFDVnq7ug==",
      "dev": true
    }
  }
}
